
Microsoft Visual Studio Solution File, Format Version 12.00
# Visual Studio Version 16
VisualStudioVersion = 16.0.31205.134
MinimumVisualStudioVersion = 10.0.40219.1
Project("{FAE04EC0-301F-11D3-BF4B-00C04F79EFBC}") = "VaccineFinderLibrary", "VaccineFinderLibrary\VaccineFinderLibrary.csproj", "{F87747CE-8AC0-437C-8B07-33EA2371A8F4}"
EndProject
Global
	GlobalSection(SolutionConfigurationPlatforms) = preSolution
		Debug|Any CPU = Debug|Any CPU
		Release|Any CPU = Release|Any CPU
	EndGlobalSection
	GlobalSection(ProjectConfigurationPlatforms) = postSolution
		{F87747CE-8AC0-437C-8B07-33EA2371A8F4}.Debug|Any CPU.ActiveCfg = Debug|Any CPU
		{F87747CE-8AC0-437C-8B07-33EA2371A8F4}.Debug|Any CPU.Build.0 = Debug|Any CPU
		{F87747CE-8AC0-437C-8B07-33EA2371A8F4}.Release|Any CPU.ActiveCfg = Release|Any CPU
		{F87747CE-8AC0-437C-8B07-33EA2371A8F4}.Release|Any CPU.Build.0 = Release|Any CPU
	EndGlobalSection
	GlobalSection(SolutionProperties) = preSolution
		HideSolutionNode = FALSE
	EndGlobalSection
	GlobalSection(ExtensibilityGlobals) = postSolution
		SolutionGuid = {2D47B31E-E8A4-411B-8B63-56122EFA77F4}
	EndGlobalSection
EndGlobal
